
Microsoft Visual Studio Solution File, Format Version 12.00
# Visual Studio Version 17
VisualStudioVersion = 17.14.36408.4 d17.14
MinimumVisualStudioVersion = 10.0.40219.1
Project("{FAE04EC0-301F-11D3-BF4B-00C04F79EFBC}") = "tpweb_equipo_15", "tpweb\tpweb_equipo_15.csproj", "{AB712B2A-77E4-4BDC-ABEC-9742A660DFCB}"
EndProject
Global
	GlobalSection(SolutionConfigurationPlatforms) = preSolution
		Debug|Any CPU = Debug|Any CPU
		Release|Any CPU = Release|Any CPU
	EndGlobalSection
	GlobalSection(ProjectConfigurationPlatforms) = postSolution
		{AB712B2A-77E4-4BDC-ABEC-9742A660DFCB}.Debug|Any CPU.ActiveCfg = Debug|Any CPU
		{AB712B2A-77E4-4BDC-ABEC-9742A660DFCB}.Debug|Any CPU.Build.0 = Debug|Any CPU
		{AB712B2A-77E4-4BDC-ABEC-9742A660DFCB}.Release|Any CPU.ActiveCfg = Release|Any CPU
		{AB712B2A-77E4-4BDC-ABEC-9742A660DFCB}.Release|Any CPU.Build.0 = Release|Any CPU
	EndGlobalSection
	GlobalSection(SolutionProperties) = preSolution
		HideSolutionNode = FALSE
	EndGlobalSection
	GlobalSection(ExtensibilityGlobals) = postSolution
		SolutionGuid = {CD9CE607-F664-499D-85D0-834945ABA745}
	EndGlobalSection
EndGlobal
